
Microsoft Visual Studio Solution File, Format Version 12.00
# Visual Studio Version 17
VisualStudioVersion = 17.9.34902.65
MinimumVisualStudioVersion = 10.0.40219.1
Project("{FAE04EC0-301F-11D3-BF4B-00C04F79EFBC}") = "Calculadora", "Calculadora\Calculadora.csproj", "{1FB556A8-E9C8-4847-9F1C-B6021F7BEF26}"
EndProject
Global
	GlobalSection(SolutionConfigurationPlatforms) = preSolution
		Debug|Any CPU = Debug|Any CPU
		Release|Any CPU = Release|Any CPU
	EndGlobalSection
	GlobalSection(ProjectConfigurationPlatforms) = postSolution
		{1FB556A8-E9C8-4847-9F1C-B6021F7BEF26}.Debug|Any CPU.ActiveCfg = Debug|Any CPU
		{1FB556A8-E9C8-4847-9F1C-B6021F7BEF26}.Debug|Any CPU.Build.0 = Debug|Any CPU
		{1FB556A8-E9C8-4847-9F1C-B6021F7BEF26}.Release|Any CPU.ActiveCfg = Release|Any CPU
		{1FB556A8-E9C8-4847-9F1C-B6021F7BEF26}.Release|Any CPU.Build.0 = Release|Any CPU
	EndGlobalSection
	GlobalSection(SolutionProperties) = preSolution
		HideSolutionNode = FALSE
	EndGlobalSection
	GlobalSection(ExtensibilityGlobals) = postSolution
		SolutionGuid = {7ACF6B2A-44F7-419E-9091-3C25E26BBC16}
	EndGlobalSection
EndGlobal
